Microsoft Visual Studio Solution File, Format Version 12.00
# Visual Studio Version 17
VisualStudioVersion = 17.5.2.0
MinimumVisualStudioVersion = 10.0.40219.1
Project("{FAE04EC0-301F-11D3-BF4B-00C04F79EFBC}") = "BackendSGH", "BackendSGH\BackendSGH.csproj", "{3B6B9885-CB09-3C0F-7AE3-8CB34BC3FA0E}"
EndProject
Global
	GlobalSection(SolutionConfigurationPlatforms) = preSolution
		Debug|Any CPU = Debug|Any CPU
		Release|Any CPU = Release|Any CPU
	EndGlobalSection
	GlobalSection(ProjectConfigurationPlatforms) = postSolution
		{3B6B9885-CB09-3C0F-7AE3-8CB34BC3FA0E}.Debug|Any CPU.ActiveCfg = Debug|Any CPU
		{3B6B9885-CB09-3C0F-7AE3-8CB34BC3FA0E}.Debug|Any CPU.Build.0 = Debug|Any CPU
		{3B6B9885-CB09-3C0F-7AE3-8CB34BC3FA0E}.Release|Any CPU.ActiveCfg = Release|Any CPU
		{3B6B9885-CB09-3C0F-7AE3-8CB34BC3FA0E}.Release|Any CPU.Build.0 = Release|Any CPU
	EndGlobalSection
	GlobalSection(SolutionProperties) = preSolution
		HideSolutionNode = FALSE
	EndGlobalSection
	GlobalSection(ExtensibilityGlobals) = postSolution
		SolutionGuid = {7E5150B1-67A6-47EB-AE4B-75A3C8F87236}
	EndGlobalSection
EndGlobal
